<?xml version="1.0" encoding="utf-8"?>
<Project ToolsVersion="4.0" xmlns="http://schemas.microsoft.com/developer/msbuild/2003">
  <ItemGroup>
    <Filter Include="Resource Files">
      <UniqueIdentifier>{67DA6AB6-F800-4c08-8B7A-83BB121AAD01}</UniqueIdentifier>
      <Extensions>rc;ico;cur;bmp;dlg;rc2;rct;bin;rgs;gif;jpg;jpeg;jpe;resx;tiff;tif;png;wav;mfcribbon-ms</Extensions>
    </Filter>
    <Filter Include="include">
      <UniqueIdentifier>{93995380-89BD-4b04-88EB-625FBE52EBFB}</UniqueIdentifier>
      <Extensions>h;hh;hpp;hxx;hm;inl;inc;xsd</Extensions>
    </Filter>
    <Filter Include="src">
      <UniqueIdentifier>{4FC737F1-C7A5-4376-A066-2A32D752A2FF}</UniqueIdentifier>
      <Extensions>cpp;c;cc;cxx;def;odl;idl;hpj;bat;asm;asmx</Extensions>
    </Filter>
    <Filter Include="include\protobufs">
      <UniqueIdentifier>{9480a1fb-3e18-4eca-84ed-c663e3435627}</UniqueIdentifier>
    </Filter>
    <Filter Include="src\protobufs">
      <UniqueIdentifier>{8a0c0040-adcb-49e8-bb2b-495cc06dd2ef}</UniqueIdentifier>
    </Filter>
    <Filter Include="include\services">
      <UniqueIdentifier>{21d1ba1e-a6fb-4de0-8678-ea93f14a4825}</UniqueIdentifier>
    </Filter>
    <Filter Include="include\engine">
      <UniqueIdentifier>{483c8b4f-3719-4a4d-a1bf-2e2bfe1cd1fb}</UniqueIdentifier>
    </Filter>
    <Filter Include="include\common">
      <UniqueIdentifier>{a78656d7-f4df-4af6-a8ef-fa0059ab6de8}</UniqueIdentifier>
    </Filter>
    <Filter Include="include\client">
      <UniqueIdentifier>{b935beb4-f65e-49ea-85e8-6866a16495f4}</UniqueIdentifier>
    </Filter>
  </ItemGroup>
  <ItemGroup>
    <Text Include="ReadMe.txt" />
  </ItemGroup>
  <ItemGroup>
    <ClCompile Include="src\protobufs\bio_service.grpc.pb.cc">
      <Filter>src\protobufs</Filter>
    </ClCompile>
    <ClCompile Include="src\protobufs\bio_service.pb.cc">
      <Filter>src\protobufs</Filter>
    </ClCompile>
  </ItemGroup>
  <ItemGroup>
    <ClInclude Include="include\protobufs\bio_service.grpc.pb.h">
      <Filter>include\protobufs</Filter>
    </ClInclude>
    <ClInclude Include="include\protobufs\bio_service.pb.h">
      <Filter>include\protobufs</Filter>
    </ClInclude>
    <ClInclude Include="include\services\iservice.hpp">
      <Filter>include\services</Filter>
    </ClInclude>
    <ClInclude Include="include\services\iservice_configuration.hpp">
      <Filter>include\services</Filter>
    </ClInclude>
    <ClInclude Include="include\services\iservice_manager.hpp">
      <Filter>include\services</Filter>
    </ClInclude>
    <ClInclude Include="include\services\service_configuration.hpp">
      <Filter>include\services</Filter>
    </ClInclude>
    <ClInclude Include="include\services\service_context.hpp">
      <Filter>include\services</Filter>
    </ClInclude>
    <ClInclude Include="include\client\ibio_database_client.hpp">
      <Filter>include\client</Filter>
    </ClInclude>
    <ClInclude Include="include\common\iface_characteristics.hpp">
      <Filter>include\common</Filter>
    </ClInclude>
    <ClInclude Include="include\common\iimage_characteristic.hpp">
      <Filter>include\common</Filter>
    </ClInclude>
    <ClInclude Include="include\engine\ifacial_engine.hpp">
      <Filter>include\engine</Filter>
    </ClInclude>
    <ClInclude Include="include\engine\irecognition_engines_context.hpp">
      <Filter>include\engine</Filter>
    </ClInclude>
    <ClInclude Include="include\common\face_features.hpp">
      <Filter>include\common</Filter>
    </ClInclude>
  </ItemGroup>
</Project>